{
  "name": "@hakobu/hakobu-fetch",
  "version": "0.1.0",
  "lockfileVersion": 3,
  "requires": true,
  "packages": {
    "": {
      "name": "@hakobu/hakobu-fetch",
      "version": "0.1.0",
      "license": "MIT",
      "dependencies": {
        "https-proxy-agent": "^5.0.0",
        "node-fetch": "^2.6.6",
        "picocolors": "^1.1.0",
        "progress": "^2.0.3",
        "semver": "^7.3.5",
        "tar-fs": "^3.1.1",
        "yargs": "^16.2.0"
      },
      "bin": {
        "hakobu-fetch": "lib-es5/bin.js"
      },
      "devDependencies": {
        "@release-it/conventional-changelog": "^7.0.2",
        "@types/node": "^20.0.0",
        "@types/node-fetch": "^2.5.12",
        "@types/progress": "^2.0.5",
        "@types/semver": "^7.3.9",
        "@types/tar-fs": "^2.0.1",
        "@types/yargs": "^16.0.4",
        "@typescript-eslint/eslint-plugin": "^4.33.0",
        "@typescript-eslint/parser": "^4.33.0",
        "eslint": "^7.32.0",
        "eslint-config-airbnb-base": "^14.2.1",
        "eslint-config-prettier": "^8.3.0",
        "eslint-import-resolver-typescript": "^2.5.0",
        "eslint-plugin-import": "^2.25.2",
        "lint-staged": "^10.5.4",
        "prettier": "^2.4.1",
        "release-it": "^16.2.1",
        "rimraf": "^6.0.1",
        "simple-git-hooks": ">=2.7.0",
        "typescript": "^4.4.4"
      },
      "engines": {
        "node": ">=24.0.0"
      }
    },
    "../../node_modules/.pnpm/@release-it+conventional-changelog@7.0.2_release-it@16.3.0_typescript@4.9.5_/node_modules/@release-it/conventional-changelog": {
      "version": "7.0.2",
      "dev": true,
      "license": "MIT",
      "dependencies": {
        "concat-stream": "^2.0.0",
        "conventional-changelog": "^5.1.0",
        "conventional-recommended-bump": "^8.0.0",
        "semver": "^7.5.4"
      },
      "devDependencies": {
        "bron": "^2.0.2",
        "release-it": "^16.0.0",
        "shelljs": "^0.8.5",
        "sinon": "^15.2.0",
        "tmp": "^0.2.1"
      },
      "engines": {
        "node": ">=16"
      },
      "peerDependencies": {
        "release-it": "^16.0.0"
      }
    },
    "../../node_modules/.pnpm/@types+node-fetch@2.6.13/node_modules/@types/node-fetch": {
      "version": "2.6.13",
      "dev": true,
      "license": "MIT",
      "dependencies": {
        "@types/node": "*",
        "form-data": "^4.0.4"
      }
    },
    "../../node_modules/.pnpm/@types+node@20.19.37/node_modules/@types/node": {
      "version": "20.19.37",
      "dev": true,
      "license": "MIT",
      "dependencies": {
        "undici-types": "~6.21.0"
      }
    },
    "../../node_modules/.pnpm/@types+progress@2.0.7/node_modules/@types/progress": {
      "version": "2.0.7",
      "dev": true,
      "license": "MIT",
      "dependencies": {
        "@types/node": "*"
      }
    },
    "../../node_modules/.pnpm/@types+semver@7.7.1/node_modules/@types/semver": {
      "version": "7.7.1",
      "dev": true,
      "license": "MIT"
    },
    "../../node_modules/.pnpm/@types+tar-fs@2.0.4/node_modules/@types/tar-fs": {
      "version": "2.0.4",
      "dev": true,
      "license": "MIT",
      "dependencies": {
        "@types/node": "*",
        "@types/tar-stream": "*"
      }
    },
    "../../node_modules/.pnpm/@types+yargs@16.0.11/node_modules/@types/yargs": {
      "version": "16.0.11",
      "dev": true,
      "license": "MIT",
      "dependencies": {
        "@types/yargs-parser": "*"
      }
    },
    "../../node_modules/.pnpm/@typescript-eslint+eslint-plugin@4.33.0_@typescript-eslint+parser@4.33.0_eslint@7.32.0__fa476ddb791af4c7fd7b5a61e5e93d70/node_modules/@typescript-eslint/eslint-plugin": {
      "version": "4.33.0",
      "dev": true,
      "license": "MIT",
      "dependencies": {
        "@typescript-eslint/experimental-utils": "4.33.0",
        "@typescript-eslint/scope-manager": "4.33.0",
        "debug": "^4.3.1",
        "functional-red-black-tree": "^1.0.1",
        "ignore": "^5.1.8",
        "regexpp": "^3.1.0",
        "semver": "^7.3.5",
        "tsutils": "^3.21.0"
      },
      "devDependencies": {
        "@types/debug": "*",
        "@types/marked": "*",
        "@types/prettier": "*",
        "chalk": "^4.1.1",
        "marked": "^2.0.6",
        "prettier": "*",
        "typescript": "*"
      },
      "engines": {
        "node": "^10.12.0 || >=12.0.0"
      },
      "funding": {
        "type": "opencollective",
        "url": "https://opencollective.com/typescript-eslint"
      },
      "peerDependencies": {
        "@typescript-eslint/parser": "^4.0.0",
        "eslint": "^5.0.0 || ^6.0.0 || ^7.0.0"
      },
      "peerDependenciesMeta": {
        "typescript": {
          "optional": true
        }
      }
    },
    "../../node_modules/.pnpm/@typescript-eslint+parser@4.33.0_eslint@7.32.0_typescript@4.9.5/node_modules/@typescript-eslint/parser": {
      "version": "4.33.0",
      "dev": true,
      "license": "BSD-2-Clause",
      "dependencies": {
        "@typescript-eslint/scope-manager": "4.33.0",
        "@typescript-eslint/types": "4.33.0",
        "@typescript-eslint/typescript-estree": "4.33.0",
        "debug": "^4.3.1"
      },
      "devDependencies": {
        "@types/glob": "*",
        "@typescript-eslint/experimental-utils": "4.33.0",
        "glob": "*",
        "typescript": "*"
      },
      "engines": {
        "node": "^10.12.0 || >=12.0.0"
      },
      "funding": {
        "type": "opencollective",
        "url": "https://opencollective.com/typescript-eslint"
      },
      "peerDependencies": {
        "eslint": "^5.0.0 || ^6.0.0 || ^7.0.0"
      },
      "peerDependenciesMeta": {
        "typescript": {
          "optional": true
        }
      }
    },
    "../../node_modules/.pnpm/eslint-config-airbnb-base@14.2.1_eslint-plugin-import@2.32.0_eslint@7.32.0/node_modules/eslint-config-airbnb-base": {
      "version": "14.2.1",
      "dev": true,
      "license": "MIT",
      "dependencies": {
        "confusing-browser-globals": "^1.0.10",
        "object.assign": "^4.1.2",
        "object.entries": "^1.1.2"
      },
      "devDependencies": {
        "@babel/runtime": "^7.12.5",
        "babel-preset-airbnb": "^4.5.0",
        "babel-tape-runner": "^3.0.0",
        "eclint": "^2.8.1",
        "eslint": "^5.16.0 || ^6.8.0 || ^7.2.0",
        "eslint-find-rules": "^3.6.1",
        "eslint-plugin-import": "^2.22.1",
        "in-publish": "^2.0.1",
        "safe-publish-latest": "^1.1.4",
        "tape": "^5.0.1"
      },
      "engines": {
        "node": ">= 6"
      },
      "peerDependencies": {
        "eslint": "^5.16.0 || ^6.8.0 || ^7.2.0",
        "eslint-plugin-import": "^2.22.1"
      }
    },
    "../../node_modules/.pnpm/eslint-config-prettier@8.10.2_eslint@7.32.0/node_modules/eslint-config-prettier": {
      "version": "8.10.2",
      "dev": true,
      "license": "MIT",
      "bin": {
        "eslint-config-prettier": "bin/cli.js"
      },
      "peerDependencies": {
        "eslint": ">=7.0.0"
      }
    },
    "../../node_modules/.pnpm/eslint-import-resolver-typescript@2.7.1_eslint-plugin-import@2.32.0_eslint@7.32.0/node_modules/eslint-import-resolver-typescript": {
      "version": "2.7.1",
      "dev": true,
      "license": "ISC",
      "dependencies": {
        "debug": "^4.3.4",
        "glob": "^7.2.0",
        "is-glob": "^4.0.3",
        "resolve": "^1.22.0",
        "tsconfig-paths": "^3.14.1"
      },
      "devDependencies": {
        "@1stg/lib-config": "^5.4.0",
        "@types/debug": "^4.1.7",
        "@types/glob": "^7.2.0",
        "@types/is-glob": "^4.0.2",
        "@types/node": "^17.0.23",
        "@types/resolve": "^1.20.1",
        "@types/unist": "^2.0.6",
        "dummy.js": "link:dummy.js",
        "eslint-import-resolver-typescript": "link:.",
        "react": "^18.0.0",
        "standard-version": "^9.3.2",
        "type-coverage": "^2.21.1",
        "typescript": "^4.6.3"
      },
      "engines": {
        "node": ">=4"
      },
      "peerDependencies": {
        "eslint": "*",
        "eslint-plugin-import": "*"
      }
    },
    "../../node_modules/.pnpm/eslint-plugin-import@2.32.0_@typescript-eslint+parser@4.33.0_eslint@7.32.0_typescript@4_bfc2fe522c7a08dcd34d458061973be9/node_modules/eslint-plugin-import": {
      "version": "2.32.0",
      "dev": true,
      "license": "MIT",
      "dependencies": {
        "@rtsao/scc": "^1.1.0",
        "array-includes": "^3.1.9",
        "array.prototype.findlastindex": "^1.2.6",
        "array.prototype.flat": "^1.3.3",
        "array.prototype.flatmap": "^1.3.3",
        "debug": "^3.2.7",
        "doctrine": "^2.1.0",
        "eslint-import-resolver-node": "^0.3.9",
        "eslint-module-utils": "^2.12.1",
        "hasown": "^2.0.2",
        "is-core-module": "^2.16.1",
        "is-glob": "^4.0.3",
        "minimatch": "^3.1.2",
        "object.fromentries": "^2.0.8",
        "object.groupby": "^1.0.3",
        "object.values": "^1.2.1",
        "semver": "^6.3.1",
        "string.prototype.trimend": "^1.0.9",
        "tsconfig-paths": "^3.15.0"
      },
      "devDependencies": {
        "@angular-eslint/template-parser": "^13.5.0",
        "@eslint/import-test-order-redirect-scoped": "file:./tests/files/order-redirect-scoped",
        "@test-scope/some-module": "file:./tests/files/symlinked-module",
        "@types/eslint": "^8.56.12",
        "@typescript-eslint/parser": "^2.23.0 || ^3.3.0 || ^4.29.3 || ^5.10.0",
        "babel-cli": "^6.26.0",
        "babel-core": "^6.26.3",
        "babel-eslint": "=8.0.3 || ^8.2.6",
        "babel-plugin-istanbul": "^4.1.6",
        "babel-plugin-module-resolver": "^2.7.1",
        "babel-preset-airbnb": "^2.6.0",
        "babel-preset-flow": "^6.23.0",
        "babel-register": "^6.26.0",
        "babylon": "^6.18.0",
        "chai": "^4.3.10",
        "cross-env": "^4.0.0",
        "escope": "^3.6.0",
        "eslint": "^2 || ^3 || ^4 || ^5 || ^6 || ^7.2.0 || ^8 || ^9",
        "eslint-doc-generator": "^1.6.1",
        "eslint-import-resolver-node": "file:./resolvers/node",
        "eslint-import-resolver-typescript": "^1.0.2 || ^1.1.1",
        "eslint-import-resolver-webpack": "file:./resolvers/webpack",
        "eslint-import-test-order-redirect": "file:./tests/files/order-redirect",
        "eslint-module-utils": "file:./utils",
        "eslint-plugin-eslint-plugin": "^2.3.0",
        "eslint-plugin-import": "2.x",
        "eslint-plugin-json": "^2.1.2",
        "find-babel-config": "=1.2.0",
        "fs-copy-file-sync": "^1.1.1",
        "glob": "^7.2.3",
        "in-publish": "^2.0.1",
        "jackspeak": "=2.1.1",
        "jsonc-parser": "=3.2.0",
        "linklocal": "^2.8.2",
        "lodash.isarray": "^4.0.0",
        "markdownlint-cli": "~0.35",
        "mocha": "^3.5.3",
        "npm-which": "^3.0.1",
        "nyc": "^11.9.0",
        "redux": "^3.7.2",
        "rimraf": "^2.7.1",
        "safe-publish-latest": "^2.0.0",
        "sinon": "^2.4.1",
        "tmp": "^0.2.1",
        "typescript": "^2.8.1 || ~3.9.5 || ~4.5.2",
        "typescript-eslint-parser": "^15 || ^20 || ^22"
      },
      "engines": {
        "node": ">=4"
      },
      "peerDependencies": {
        "eslint": "^2 || ^3 || ^4 || ^5 || ^6 || ^7.2.0 || ^8 || ^9"
      }
    },
    "../../node_modules/.pnpm/eslint@7.32.0/node_modules/eslint": {
      "version": "7.32.0",
      "dev": true,
      "license": "MIT",
      "dependencies": {
        "@babel/code-frame": "7.12.11",
        "@eslint/eslintrc": "^0.4.3",
        "@humanwhocodes/config-array": "^0.5.0",
        "ajv": "^6.10.0",
        "chalk": "^4.0.0",
        "cross-spawn": "^7.0.2",
        "debug": "^4.0.1",
        "doctrine": "^3.0.0",
        "enquirer": "^2.3.5",
        "escape-string-regexp": "^4.0.0",
        "eslint-scope": "^5.1.1",
        "eslint-utils": "^2.1.0",
        "eslint-visitor-keys": "^2.0.0",
        "espree": "^7.3.1",
        "esquery": "^1.4.0",
        "esutils": "^2.0.2",
        "fast-deep-equal": "^3.1.3",
        "file-entry-cache": "^6.0.1",
        "functional-red-black-tree": "^1.0.1",
        "glob-parent": "^5.1.2",
        "globals": "^13.6.0",
        "ignore": "^4.0.6",
        "import-fresh": "^3.0.0",
        "imurmurhash": "^0.1.4",
        "is-glob": "^4.0.0",
        "js-yaml": "^3.13.1",
        "json-stable-stringify-without-jsonify": "^1.0.1",
        "levn": "^0.4.1",
        "lodash.merge": "^4.6.2",
        "minimatch": "^3.0.4",
        "natural-compare": "^1.4.0",
        "optionator": "^0.9.1",
        "progress": "^2.0.0",
        "regexpp": "^3.1.0",
        "semver": "^7.2.1",
        "strip-ansi": "^6.0.0",
        "strip-json-comments": "^3.1.0",
        "table": "^6.0.9",
        "text-table": "^0.2.0",
        "v8-compile-cache": "^2.0.3"
      },
      "bin": {
        "eslint": "bin/eslint.js"
      },
      "devDependencies": {
        "@babel/core": "^7.4.3",
        "@babel/preset-env": "^7.4.3",
        "babel-loader": "^8.0.5",
        "chai": "^4.0.1",
        "cheerio": "^0.22.0",
        "common-tags": "^1.8.0",
        "core-js": "^3.1.3",
        "dateformat": "^3.0.3",
        "ejs": "^3.0.2",
        "eslint": "file:.",
        "eslint-config-eslint": "file:packages/eslint-config-eslint",
        "eslint-plugin-eslint-plugin": "^3.5.3",
        "eslint-plugin-internal-rules": "file:tools/internal-rules",
        "eslint-plugin-jsdoc": "^25.4.3",
        "eslint-plugin-node": "^11.1.0",
        "eslint-release": "^2.0.0",
        "eslump": "^3.0.0",
        "esprima": "^4.0.1",
        "fs-teardown": "0.1.1",
        "glob": "^7.1.6",
        "jsdoc": "^3.5.5",
        "karma": "^6.1.1",
        "karma-chrome-launcher": "^3.1.0",
        "karma-mocha": "^2.0.1",
        "karma-mocha-reporter": "^2.2.5",
        "karma-webpack": "^5.0.0",
        "lint-staged": "^10.1.2",
        "load-perf": "^0.2.0",
        "markdownlint": "^0.19.0",
        "markdownlint-cli": "^0.22.0",
        "memfs": "^3.0.1",
        "mocha": "^8.3.2",
        "mocha-junit-reporter": "^2.0.0",
        "node-polyfill-webpack-plugin": "^1.0.3",
        "npm-license": "^0.3.3",
        "nyc": "^15.0.1",
        "proxyquire": "^2.0.1",
        "puppeteer": "^7.1.0",
        "recast": "^0.19.0",
        "regenerator-runtime": "^0.13.2",
        "shelljs": "^0.8.2",
        "sinon": "^9.0.1",
        "temp": "^0.9.0",
        "webpack": "^5.23.0",
        "webpack-cli": "^4.5.0",
        "yorkie": "^2.0.0"
      },
      "engines": {
        "node": "^10.12.0 || >=12.0.0"
      },
      "funding": {
        "url": "https://opencollective.com/eslint"
      }
    },
    "../../node_modules/.pnpm/https-proxy-agent@5.0.1/node_modules/https-proxy-agent": {
      "version": "5.0.1",
      "license": "MIT",
      "dependencies": {
        "agent-base": "6",
        "debug": "4"
      },
      "devDependencies": {
        "@types/debug": "4",
        "@types/node": "^12.12.11",
        "@typescript-eslint/eslint-plugin": "1.6.0",
        "@typescript-eslint/parser": "1.1.0",
        "eslint": "5.16.0",
        "eslint-config-airbnb": "17.1.0",
        "eslint-config-prettier": "4.1.0",
        "eslint-import-resolver-typescript": "1.1.1",
        "eslint-plugin-import": "2.16.0",
        "eslint-plugin-jsx-a11y": "6.2.1",
        "eslint-plugin-react": "7.12.4",
        "mocha": "^6.2.2",
        "proxy": "1",
        "rimraf": "^3.0.0",
        "typescript": "^3.5.3"
      },
      "engines": {
        "node": ">= 6"
      }
    },
    "../../node_modules/.pnpm/lint-staged@10.5.4/node_modules/lint-staged": {
      "version": "10.5.4",
      "dev": true,
      "license": "MIT",
      "dependencies": {
        "chalk": "^4.1.0",
        "cli-truncate": "^2.1.0",
        "commander": "^6.2.0",
        "cosmiconfig": "^7.0.0",
        "debug": "^4.2.0",
        "dedent": "^0.7.0",
        "enquirer": "^2.3.6",
        "execa": "^4.1.0",
        "listr2": "^3.2.2",
        "log-symbols": "^4.0.0",
        "micromatch": "^4.0.2",
        "normalize-path": "^3.0.0",
        "please-upgrade-node": "^3.2.0",
        "string-argv": "0.3.1",
        "stringify-object": "^3.3.0"
      },
      "bin": {
        "lint-staged": "bin/lint-staged.js"
      },
      "devDependencies": {
        "@babel/core": "^7.12.3",
        "@babel/plugin-proposal-object-rest-spread": "^7.12.1",
        "@babel/preset-env": "^7.12.1",
        "babel-eslint": "10.1.0",
        "babel-jest": "^26.6.1",
        "consolemock": "^1.1.0",
        "eslint": "^7.12.1",
        "eslint-config-prettier": "^6.15.0",
        "eslint-plugin-import": "^2.22.1",
        "eslint-plugin-node": "^11.1.0",
        "eslint-plugin-prettier": "^3.1.4",
        "fs-extra": "^9.0.1",
        "husky": "^4.3.0",
        "jest": "^26.6.1",
        "jest-snapshot-serializer-ansi": "^1.0.0",
        "prettier": "^2.1.2"
      },
      "funding": {
        "url": "https://opencollective.com/lint-staged"
      }
    },
    "../../node_modules/.pnpm/node-fetch@2.7.0/node_modules/node-fetch": {
      "version": "2.7.0",
      "license": "MIT",
      "dependencies": {
        "whatwg-url": "^5.0.0"
      },
      "devDependencies": {
        "@ungap/url-search-params": "^0.1.2",
        "abort-controller": "^1.1.0",
        "abortcontroller-polyfill": "^1.3.0",
        "babel-core": "^6.26.3",
        "babel-plugin-istanbul": "^4.1.6",
        "babel-plugin-transform-async-generator-functions": "^6.24.1",
        "babel-polyfill": "^6.26.0",
        "babel-preset-env": "1.4.0",
        "babel-register": "^6.16.3",
        "chai": "^3.5.0",
        "chai-as-promised": "^7.1.1",
        "chai-iterator": "^1.1.1",
        "chai-string": "~1.3.0",
        "codecov": "3.3.0",
        "cross-env": "^5.2.0",
        "form-data": "^2.3.3",
        "is-builtin-module": "^1.0.0",
        "mocha": "^5.0.0",
        "nyc": "11.9.0",
        "parted": "^0.1.1",
        "promise": "^8.0.3",
        "resumer": "0.0.0",
        "rollup": "^0.63.4",
        "rollup-plugin-babel": "^3.0.7",
        "string-to-arraybuffer": "^1.0.2",
        "teeny-request": "3.7.0"
      },
      "engines": {
        "node": "4.x || >=6.0.0"
      },
      "peerDependencies": {
        "encoding": "^0.1.0"
      },
      "peerDependenciesMeta": {
        "encoding": {
          "optional": true
        }
      }
    },
    "../../node_modules/.pnpm/picocolors@1.1.1/node_modules/picocolors": {
      "version": "1.1.1",
      "license": "ISC"
    },
    "../../node_modules/.pnpm/prettier@2.8.8/node_modules/prettier": {
      "version": "2.8.8",
      "dev": true,
      "license": "MIT",
      "bin": {
        "prettier": "bin-prettier.js"
      },
      "engines": {
        "node": ">=10.13.0"
      },
      "funding": {
        "url": "https://github.com/prettier/prettier?sponsor=1"
      }
    },
    "../../node_modules/.pnpm/progress@2.0.3/node_modules/progress": {
      "version": "2.0.3",
      "license": "MIT",
      "engines": {
        "node": ">=0.4.0"
      }
    },
    "../../node_modules/.pnpm/release-it@16.3.0_typescript@4.9.5/node_modules/release-it": {
      "version": "16.3.0",
      "dev": true,
      "license": "MIT",
      "dependencies": {
        "@iarna/toml": "2.2.5",
        "@octokit/rest": "19.0.13",
        "async-retry": "1.3.3",
        "chalk": "5.3.0",
        "cosmiconfig": "8.3.6",
        "execa": "7.2.0",
        "git-url-parse": "13.1.0",
        "globby": "13.2.2",
        "got": "13.0.0",
        "inquirer": "9.2.11",
        "is-ci": "3.0.1",
        "issue-parser": "6.0.0",
        "lodash": "4.17.21",
        "mime-types": "2.1.35",
        "new-github-release-url": "2.0.0",
        "node-fetch": "3.3.2",
        "open": "9.1.0",
        "ora": "7.0.1",
        "os-name": "5.1.0",
        "promise.allsettled": "1.0.7",
        "proxy-agent": "6.3.1",
        "semver": "7.5.4",
        "shelljs": "0.8.5",
        "update-notifier": "6.0.2",
        "url-join": "5.0.0",
        "wildcard-match": "5.1.2",
        "yargs-parser": "21.1.1"
      },
      "bin": {
        "release-it": "bin/release-it.js"
      },
      "devDependencies": {
        "@octokit/request-error": "3.0.3",
        "ava": "5.3.1",
        "eslint": "8.50.0",
        "eslint-config-prettier": "9.0.0",
        "eslint-plugin-ava": "14.0.0",
        "eslint-plugin-import": "2.28.1",
        "eslint-plugin-prettier": "5.0.0",
        "fs-monkey": "1.0.5",
        "knip": "2.29.0",
        "memfs": "4.5.0",
        "mock-stdio": "1.0.3",
        "nock": "13.3.3",
        "prettier": "3.0.3",
        "remark-cli": "11.0.0",
        "remark-preset-webpro": "0.0.3",
        "sinon": "16.0.0",
        "strip-ansi": "7.1.0"
      },
      "engines": {
        "node": ">=16"
      }
    },
    "../../node_modules/.pnpm/rimraf@6.1.3/node_modules/rimraf": {
      "version": "6.1.3",
      "dev": true,
      "license": "BlueOak-1.0.0",
      "dependencies": {
        "glob": "^13.0.3",
        "package-json-from-dist": "^1.0.1"
      },
      "bin": {
        "rimraf": "dist/esm/bin.mjs"
      },
      "devDependencies": {
        "@types/node": "^25.2.0",
        "mkdirp": "^3.0.1",
        "prettier": "^3.6.2",
        "tap": "^21.1.1",
        "tshy": "^3.0.3",
        "typedoc": "^0.28.14"
      },
      "engines": {
        "node": "20 || >=22"
      },
      "funding": {
        "url": "https://github.com/sponsors/isaacs"
      }
    },
    "../../node_modules/.pnpm/semver@7.7.4/node_modules/semver": {
      "version": "7.7.4",
      "license": "ISC",
      "bin": {
        "semver": "bin/semver.js"
      },
      "devDependencies": {
        "@npmcli/eslint-config": "^6.0.0",
        "@npmcli/template-oss": "4.29.0",
        "benchmark": "^2.1.4",
        "tap": "^16.0.0"
      },
      "engines": {
        "node": ">=10"
      }
    },
    "../../node_modules/.pnpm/simple-git-hooks@2.13.1/node_modules/simple-git-hooks": {
      "version": "2.13.1",
      "dev": true,
      "hasInstallScript": true,
      "license": "MIT",
      "bin": {
        "simple-git-hooks": "cli.js"
      }
    },
    "../../node_modules/.pnpm/tar-fs@3.1.2/node_modules/tar-fs": {
      "version": "3.1.2",
      "license": "MIT",
      "dependencies": {
        "pump": "^3.0.0",
        "tar-stream": "^3.1.5"
      },
      "devDependencies": {
        "brittle": "^3.1.3",
        "rimraf": "^2.6.3",
        "standard": "^17.0.1"
      },
      "optionalDependencies": {
        "bare-fs": "^4.0.1",
        "bare-path": "^3.0.0"
      }
    },
    "../../node_modules/.pnpm/typescript@4.9.5/node_modules/typescript": {
      "version": "4.9.5",
      "dev": true,
      "license": "Apache-2.0",
      "bin": {
        "tsc": "bin/tsc",
        "tsserver": "bin/tsserver"
      },
      "devDependencies": {
        "@octokit/rest": "latest",
        "@types/chai": "latest",
        "@types/fancy-log": "^2.0.0",
        "@types/fs-extra": "^9.0.13",
        "@types/glob": "latest",
        "@types/gulp": "^4.0.9",
        "@types/gulp-concat": "latest",
        "@types/gulp-newer": "latest",
        "@types/gulp-rename": "latest",
        "@types/gulp-sourcemaps": "latest",
        "@types/merge2": "latest",
        "@types/microsoft__typescript-etw": "latest",
        "@types/minimist": "latest",
        "@types/mkdirp": "latest",
        "@types/mocha": "latest",
        "@types/ms": "latest",
        "@types/node": "latest",
        "@types/source-map-support": "latest",
        "@types/which": "^2.0.1",
        "@types/xml2js": "^0.4.11",
        "@typescript-eslint/eslint-plugin": "^5.33.1",
        "@typescript-eslint/parser": "^5.33.1",
        "@typescript-eslint/utils": "^5.33.1",
        "azure-devops-node-api": "^11.2.0",
        "chai": "latest",
        "chalk": "^4.1.2",
        "del": "^6.1.1",
        "diff": "^5.1.0",
        "eslint": "^8.22.0",
        "eslint-formatter-autolinkable-stylish": "^1.2.0",
        "eslint-plugin-import": "^2.26.0",
        "eslint-plugin-jsdoc": "^39.3.6",
        "eslint-plugin-local": "^1.0.0",
        "eslint-plugin-no-null": "^1.0.2",
        "fancy-log": "latest",
        "fs-extra": "^9.1.0",
        "glob": "latest",
        "gulp": "^4.0.2",
        "gulp-concat": "latest",
        "gulp-insert": "latest",
        "gulp-newer": "latest",
        "gulp-rename": "latest",
        "gulp-sourcemaps": "latest",
        "merge2": "latest",
        "minimist": "latest",
        "mkdirp": "latest",
        "mocha": "latest",
        "mocha-fivemat-progress-reporter": "latest",
        "ms": "^2.1.3",
        "node-fetch": "^3.2.10",
        "source-map-support": "latest",
        "typescript": "^4.8.4",
        "vinyl": "latest",
        "which": "^2.0.2",
        "xml2js": "^0.4.23"
      },
      "engines": {
        "node": ">=4.2.0"
      }
    },
    "../../node_modules/.pnpm/yargs@16.2.0/node_modules/yargs": {
      "version": "16.2.0",
      "license": "MIT",
      "dependencies": {
        "cliui": "^7.0.2",
        "escalade": "^3.1.1",
        "get-caller-file": "^2.0.5",
        "require-directory": "^2.1.1",
        "string-width": "^4.2.0",
        "y18n": "^5.0.5",
        "yargs-parser": "^20.2.2"
      },
      "devDependencies": {
        "@types/chai": "^4.2.11",
        "@types/mocha": "^8.0.0",
        "@types/node": "^14.11.2",
        "@wessberg/rollup-plugin-ts": "^1.3.2",
        "c8": "^7.0.0",
        "chai": "^4.2.0",
        "chalk": "^4.0.0",
        "coveralls": "^3.0.9",
        "cpr": "^3.0.1",
        "cross-env": "^7.0.2",
        "cross-spawn": "^7.0.0",
        "gts": "^3.0.0",
        "hashish": "0.0.4",
        "mocha": "^8.0.0",
        "rimraf": "^3.0.2",
        "rollup": "^2.23.0",
        "rollup-plugin-cleanup": "^3.1.1",
        "standardx": "^5.0.0",
        "typescript": "^4.0.2",
        "which": "^2.0.0",
        "yargs-test-extends": "^1.0.1"
      },
      "engines": {
        "node": ">=10"
      }
    },
    "node_modules/@release-it/conventional-changelog": {
      "resolved": "../../node_modules/.pnpm/@release-it+conventional-changelog@7.0.2_release-it@16.3.0_typescript@4.9.5_/node_modules/@release-it/conventional-changelog",
      "link": true
    },
    "node_modules/@types/node": {
      "resolved": "../../node_modules/.pnpm/@types+node@20.19.37/node_modules/@types/node",
      "link": true
    },
    "node_modules/@types/node-fetch": {
      "resolved": "../../node_modules/.pnpm/@types+node-fetch@2.6.13/node_modules/@types/node-fetch",
      "link": true
    },
    "node_modules/@types/progress": {
      "resolved": "../../node_modules/.pnpm/@types+progress@2.0.7/node_modules/@types/progress",
      "link": true
    },
    "node_modules/@types/semver": {
      "resolved": "../../node_modules/.pnpm/@types+semver@7.7.1/node_modules/@types/semver",
      "link": true
    },
    "node_modules/@types/tar-fs": {
      "resolved": "../../node_modules/.pnpm/@types+tar-fs@2.0.4/node_modules/@types/tar-fs",
      "link": true
    },
    "node_modules/@types/yargs": {
      "resolved": "../../node_modules/.pnpm/@types+yargs@16.0.11/node_modules/@types/yargs",
      "link": true
    },
    "node_modules/@typescript-eslint/eslint-plugin": {
      "resolved": "../../node_modules/.pnpm/@typescript-eslint+eslint-plugin@4.33.0_@typescript-eslint+parser@4.33.0_eslint@7.32.0__fa476ddb791af4c7fd7b5a61e5e93d70/node_modules/@typescript-eslint/eslint-plugin",
      "link": true
    },
    "node_modules/@typescript-eslint/parser": {
      "resolved": "../../node_modules/.pnpm/@typescript-eslint+parser@4.33.0_eslint@7.32.0_typescript@4.9.5/node_modules/@typescript-eslint/parser",
      "link": true
    },
    "node_modules/eslint": {
      "resolved": "../../node_modules/.pnpm/eslint@7.32.0/node_modules/eslint",
      "link": true
    },
    "node_modules/eslint-config-airbnb-base": {
      "resolved": "../../node_modules/.pnpm/eslint-config-airbnb-base@14.2.1_eslint-plugin-import@2.32.0_eslint@7.32.0/node_modules/eslint-config-airbnb-base",
      "link": true
    },
    "node_modules/eslint-config-prettier": {
      "resolved": "../../node_modules/.pnpm/eslint-config-prettier@8.10.2_eslint@7.32.0/node_modules/eslint-config-prettier",
      "link": true
    },
    "node_modules/eslint-import-resolver-typescript": {
      "resolved": "../../node_modules/.pnpm/eslint-import-resolver-typescript@2.7.1_eslint-plugin-import@2.32.0_eslint@7.32.0/node_modules/eslint-import-resolver-typescript",
      "link": true
    },
    "node_modules/eslint-plugin-import": {
      "resolved": "../../node_modules/.pnpm/eslint-plugin-import@2.32.0_@typescript-eslint+parser@4.33.0_eslint@7.32.0_typescript@4_bfc2fe522c7a08dcd34d458061973be9/node_modules/eslint-plugin-import",
      "link": true
    },
    "node_modules/https-proxy-agent": {
      "resolved": "../../node_modules/.pnpm/https-proxy-agent@5.0.1/node_modules/https-proxy-agent",
      "link": true
    },
    "node_modules/lint-staged": {
      "resolved": "../../node_modules/.pnpm/lint-staged@10.5.4/node_modules/lint-staged",
      "link": true
    },
    "node_modules/node-fetch": {
      "resolved": "../../node_modules/.pnpm/node-fetch@2.7.0/node_modules/node-fetch",
      "link": true
    },
    "node_modules/picocolors": {
      "resolved": "../../node_modules/.pnpm/picocolors@1.1.1/node_modules/picocolors",
      "link": true
    },
    "node_modules/prettier": {
      "resolved": "../../node_modules/.pnpm/prettier@2.8.8/node_modules/prettier",
      "link": true
    },
    "node_modules/progress": {
      "resolved": "../../node_modules/.pnpm/progress@2.0.3/node_modules/progress",
      "link": true
    },
    "node_modules/release-it": {
      "resolved": "../../node_modules/.pnpm/release-it@16.3.0_typescript@4.9.5/node_modules/release-it",
      "link": true
    },
    "node_modules/rimraf": {
      "resolved": "../../node_modules/.pnpm/rimraf@6.1.3/node_modules/rimraf",
      "link": true
    },
    "node_modules/semver": {
      "resolved": "../../node_modules/.pnpm/semver@7.7.4/node_modules/semver",
      "link": true
    },
    "node_modules/simple-git-hooks": {
      "resolved": "../../node_modules/.pnpm/simple-git-hooks@2.13.1/node_modules/simple-git-hooks",
      "link": true
    },
    "node_modules/tar-fs": {
      "resolved": "../../node_modules/.pnpm/tar-fs@3.1.2/node_modules/tar-fs",
      "link": true
    },
    "node_modules/typescript": {
      "resolved": "../../node_modules/.pnpm/typescript@4.9.5/node_modules/typescript",
      "link": true
    },
    "node_modules/yargs": {
      "resolved": "../../node_modules/.pnpm/yargs@16.2.0/node_modules/yargs",
      "link": true
    }
  }
}
